
Microsoft Visual Studio Solution File, Format Version 12.00
# Visual Studio Version 16
VisualStudioVersion = 16.0.30611.23
MinimumVisualStudioVersion = 10.0.40219.1
Project("{FAE04EC0-301F-11D3-BF4B-00C04F79EFBC}") = "QRGen", "QRGen\QRGen.csproj", "{DBC2F8F4-AC84-4C24-891E-515BA449C6A7}"
EndProject
Global
	GlobalSection(SolutionConfigurationPlatforms) = preSolution
		Debug|Any CPU = Debug|Any CPU
		Release|Any CPU = Release|Any CPU
	EndGlobalSection
	GlobalSection(ProjectConfigurationPlatforms) = postSolution
		{DBC2F8F4-AC84-4C24-891E-515BA449C6A7}.Debug|Any CPU.ActiveCfg = Debug|Any CPU
		{DBC2F8F4-AC84-4C24-891E-515BA449C6A7}.Debug|Any CPU.Build.0 = Debug|Any CPU
		{DBC2F8F4-AC84-4C24-891E-515BA449C6A7}.Release|Any CPU.ActiveCfg = Release|Any CPU
		{DBC2F8F4-AC84-4C24-891E-515BA449C6A7}.Release|Any CPU.Build.0 = Release|Any CPU
	EndGlobalSection
	GlobalSection(SolutionProperties) = preSolution
		HideSolutionNode = FALSE
	EndGlobalSection
	GlobalSection(ExtensibilityGlobals) = postSolution
		SolutionGuid = {77030357-AF1B-4876-A7AA-3DF51AC115AC}
	EndGlobalSection
EndGlobal
