
Microsoft Visual Studio Solution File, Format Version 12.00
# Visual Studio Version 16
VisualStudioVersion = 16.0.31112.23
MinimumVisualStudioVersion = 10.0.40219.1
Project("{FAE04EC0-301F-11D3-BF4B-00C04F79EFBC}") = "Apollon", "Apollon\Apollon.csproj", "{4BAE8E5F-A47A-4B74-9F2A-CDB271257BD0}"
EndProject
Global
	GlobalSection(SolutionConfigurationPlatforms) = preSolution
		Debug|Any CPU = Debug|Any CPU
		Release|Any CPU = Release|Any CPU
	EndGlobalSection
	GlobalSection(ProjectConfigurationPlatforms) = postSolution
		{4BAE8E5F-A47A-4B74-9F2A-CDB271257BD0}.Debug|Any CPU.ActiveCfg = Debug|Any CPU
		{4BAE8E5F-A47A-4B74-9F2A-CDB271257BD0}.Debug|Any CPU.Build.0 = Debug|Any CPU
		{4BAE8E5F-A47A-4B74-9F2A-CDB271257BD0}.Release|Any CPU.ActiveCfg = Release|Any CPU
		{4BAE8E5F-A47A-4B74-9F2A-CDB271257BD0}.Release|Any CPU.Build.0 = Release|Any CPU
	EndGlobalSection
	GlobalSection(SolutionProperties) = preSolution
		HideSolutionNode = FALSE
	EndGlobalSection
	GlobalSection(ExtensibilityGlobals) = postSolution
		SolutionGuid = {03426D82-7AF0-4716-9231-2EFE2A195241}
	EndGlobalSection
EndGlobal
